
Microsoft Visual Studio Solution File, Format Version 12.00
# Visual Studio Express 15 for Windows Desktop
VisualStudioVersion = 15.0.27703.2000
MinimumVisualStudioVersion = 10.0.40219.1
Project("{FAE04EC0-301F-11D3-BF4B-00C04F79EFBC}") = "Boolean-Test-1", "Boolean-Test-1\Boolean-Test-1.csproj", "{56BC3D13-DD6D-42B2-BAAD-DCC196293A20}"
EndProject
Global
	GlobalSection(SolutionConfigurationPlatforms) = preSolution
		Debug|Any CPU = Debug|Any CPU
		Release|Any CPU = Release|Any CPU
	EndGlobalSection
	GlobalSection(ProjectConfigurationPlatforms) = postSolution
		{56BC3D13-DD6D-42B2-BAAD-DCC196293A20}.Debug|Any CPU.ActiveCfg = Debug|Any CPU
		{56BC3D13-DD6D-42B2-BAAD-DCC196293A20}.Debug|Any CPU.Build.0 = Debug|Any CPU
		{56BC3D13-DD6D-42B2-BAAD-DCC196293A20}.Release|Any CPU.ActiveCfg = Release|Any CPU
		{56BC3D13-DD6D-42B2-BAAD-DCC196293A20}.Release|Any CPU.Build.0 = Release|Any CPU
	EndGlobalSection
	GlobalSection(SolutionProperties) = preSolution
		HideSolutionNode = FALSE
	EndGlobalSection
	GlobalSection(ExtensibilityGlobals) = postSolution
		SolutionGuid = {D4FF9DEA-51BC-4315-878F-A934E2DD3660}
	EndGlobalSection
EndGlobal
